
Microsoft Visual Studio Solution File, Format Version 12.00
# Visual Studio 15
VisualStudioVersion = 15.0.27703.2018
MinimumVisualStudioVersion = 10.0.40219.1
Project("{9A19103F-16F7-4668-BE54-9A1E7A4F7556}") = "ProjectLibrary", "ProjectLibrary\ProjectLibrary.csproj", "{5AD03018-3BAA-4FBB-AFDF-5736CD6B184B}"
EndProject
Project("{FAE04EC0-301F-11D3-BF4B-00C04F79EFBC}") = "ProjectLibrary.Core", "ProjectLibrary.Core\ProjectLibrary.Core.csproj", "{A44E0EF6-9F77-49C5-B89C-D526C3AFCACE}"
EndProject
Project("{FAE04EC0-301F-11D3-BF4B-00C04F79EFBC}") = "ProjectLibrary.Data", "ProjectLibrary.Data\ProjectLibrary.Data.csproj", "{A88A9C58-1B8D-4B9D-BD48-37C8F33D9941}"
EndProject
Global
	GlobalSection(SolutionConfigurationPlatforms) = preSolution
		Debug|Any CPU = Debug|Any CPU
		Release|Any CPU = Release|Any CPU
	EndGlobalSection
	GlobalSection(ProjectConfigurationPlatforms) = postSolution
		{5AD03018-3BAA-4FBB-AFDF-5736CD6B184B}.Debug|Any CPU.ActiveCfg = Debug|Any CPU
		{5AD03018-3BAA-4FBB-AFDF-5736CD6B184B}.Debug|Any CPU.Build.0 = Debug|Any CPU
		{5AD03018-3BAA-4FBB-AFDF-5736CD6B184B}.Release|Any CPU.ActiveCfg = Release|Any CPU
		{5AD03018-3BAA-4FBB-AFDF-5736CD6B184B}.Release|Any CPU.Build.0 = Release|Any CPU
		{A44E0EF6-9F77-49C5-B89C-D526C3AFCACE}.Debug|Any CPU.ActiveCfg = Debug|Any CPU
		{A44E0EF6-9F77-49C5-B89C-D526C3AFCACE}.Debug|Any CPU.Build.0 = Debug|Any CPU
		{A44E0EF6-9F77-49C5-B89C-D526C3AFCACE}.Release|Any CPU.ActiveCfg = Release|Any CPU
		{A44E0EF6-9F77-49C5-B89C-D526C3AFCACE}.Release|Any CPU.Build.0 = Release|Any CPU
		{A88A9C58-1B8D-4B9D-BD48-37C8F33D9941}.Debug|Any CPU.ActiveCfg = Debug|Any CPU
		{A88A9C58-1B8D-4B9D-BD48-37C8F33D9941}.Debug|Any CPU.Build.0 = Debug|Any CPU
		{A88A9C58-1B8D-4B9D-BD48-37C8F33D9941}.Release|Any CPU.ActiveCfg = Release|Any CPU
		{A88A9C58-1B8D-4B9D-BD48-37C8F33D9941}.Release|Any CPU.Build.0 = Release|Any CPU
	EndGlobalSection
	GlobalSection(SolutionProperties) = preSolution
		HideSolutionNode = FALSE
	EndGlobalSection
	GlobalSection(ExtensibilityGlobals) = postSolution
		SolutionGuid = {5A86036D-6500-4676-AAE3-0692EBB4E2E9}
	EndGlobalSection
EndGlobal
